
Microsoft Visual Studio Solution File, Format Version 11.00
# Visual C# Express 2010
Project("{FAE04EC0-301F-11D3-BF4B-00C04F79EFBC}") = "ConsoleApplication12312", "ConsoleApplication12312.csproj", "{66EDB55F-C02F-4D7E-A760-0CA9D02B32A9}"
EndProject
Global
	GlobalSection(SolutionConfigurationPlatforms) = preSolution
		Debug|x86 = Debug|x86
		Release|x86 = Release|x86
	EndGlobalSection
	GlobalSection(ProjectConfigurationPlatforms) = postSolution
		{66EDB55F-C02F-4D7E-A760-0CA9D02B32A9}.Debug|x86.ActiveCfg = Debug|x86
		{66EDB55F-C02F-4D7E-A760-0CA9D02B32A9}.Debug|x86.Build.0 = Debug|x86
		{66EDB55F-C02F-4D7E-A760-0CA9D02B32A9}.Release|x86.ActiveCfg = Release|x86
		{66EDB55F-C02F-4D7E-A760-0CA9D02B32A9}.Release|x86.Build.0 = Release|x86
	EndGlobalSection
	GlobalSection(SolutionProperties) = preSolution
		HideSolutionNode = FALSE
	EndGlobalSection
EndGlobal
